
Microsoft Visual Studio Solution File, Format Version 11.00
# Visual C++ Express 2010
Project("{8BC9CEB8-8B4A-11D0-8D11-00A0C91BC942}") = "FunWithParticles", "FunWithParticles\FunWithParticles.vcxproj", "{3C0B22E9-0CEF-4F26-86B0-D37848BF0439}"
EndProject
Global
	GlobalSection(SolutionConfigurationPlatforms) = preSolution
		Debug|Win32 = Debug|Win32
		Release|Win32 = Release|Win32
	EndGlobalSection
	GlobalSection(ProjectConfigurationPlatforms) = postSolution
		{3C0B22E9-0CEF-4F26-86B0-D37848BF0439}.Debug|Win32.ActiveCfg = Release|Win32
		{3C0B22E9-0CEF-4F26-86B0-D37848BF0439}.Debug|Win32.Build.0 = Release|Win32
		{3C0B22E9-0CEF-4F26-86B0-D37848BF0439}.Release|Win32.ActiveCfg = Release|Win32
		{3C0B22E9-0CEF-4F26-86B0-D37848BF0439}.Release|Win32.Build.0 = Release|Win32
	EndGlobalSection
	GlobalSection(SolutionProperties) = preSolution
		HideSolutionNode = FALSE
	EndGlobalSection
EndGlobal
